
Microsoft Visual Studio Solution File, Format Version 12.00
# Visual Studio Version 17
VisualStudioVersion = 17.4.33122.133
MinimumVisualStudioVersion = 10.0.40219.1
Project("{FAE04EC0-301F-11D3-BF4B-00C04F79EFBC}") = "DirectoriesFilesExamples", "DirectoriesFilesExamples.csproj", "{45839C58-7E5C-4DD2-A0C1-0573FC797472}"
EndProject
Global
	GlobalSection(SolutionConfigurationPlatforms) = preSolution
		Debug|Any CPU = Debug|Any CPU
		Release|Any CPU = Release|Any CPU
	EndGlobalSection
	GlobalSection(ProjectConfigurationPlatforms) = postSolution
		{45839C58-7E5C-4DD2-A0C1-0573FC797472}.Debug|Any CPU.ActiveCfg = Debug|Any CPU
		{45839C58-7E5C-4DD2-A0C1-0573FC797472}.Debug|Any CPU.Build.0 = Debug|Any CPU
		{45839C58-7E5C-4DD2-A0C1-0573FC797472}.Release|Any CPU.ActiveCfg = Release|Any CPU
		{45839C58-7E5C-4DD2-A0C1-0573FC797472}.Release|Any CPU.Build.0 = Release|Any CPU
	EndGlobalSection
	GlobalSection(SolutionProperties) = preSolution
		HideSolutionNode = FALSE
	EndGlobalSection
	GlobalSection(ExtensibilityGlobals) = postSolution
		SolutionGuid = {3F0409D7-8F8C-4DC4-9D30-798457315BB3}
	EndGlobalSection
EndGlobal
