
Microsoft Visual Studio Solution File, Format Version 12.00
# Visual Studio Version 17
VisualStudioVersion = 17.4.33110.190
MinimumVisualStudioVersion = 10.0.40219.1
Project("{FAE04EC0-301F-11D3-BF4B-00C04F79EFBC}") = "SelectZipListFunctions", "SelectZipListFunctions.csproj", "{A165CB0E-239D-454F-A7AB-18D3911A0E07}"
EndProject
Global
	GlobalSection(SolutionConfigurationPlatforms) = preSolution
		Debug|Any CPU = Debug|Any CPU
		Release|Any CPU = Release|Any CPU
	EndGlobalSection
	GlobalSection(ProjectConfigurationPlatforms) = postSolution
		{A165CB0E-239D-454F-A7AB-18D3911A0E07}.Debug|Any CPU.ActiveCfg = Debug|Any CPU
		{A165CB0E-239D-454F-A7AB-18D3911A0E07}.Debug|Any CPU.Build.0 = Debug|Any CPU
		{A165CB0E-239D-454F-A7AB-18D3911A0E07}.Release|Any CPU.ActiveCfg = Release|Any CPU
		{A165CB0E-239D-454F-A7AB-18D3911A0E07}.Release|Any CPU.Build.0 = Release|Any CPU
	EndGlobalSection
	GlobalSection(SolutionProperties) = preSolution
		HideSolutionNode = FALSE
	EndGlobalSection
	GlobalSection(ExtensibilityGlobals) = postSolution
		SolutionGuid = {E94ACBC5-7290-4B4C-BA68-5571ACE98862}
	EndGlobalSection
EndGlobal
