
Microsoft Visual Studio Solution File, Format Version 12.00
# Visual Studio Version 17
VisualStudioVersion = 17.4.33110.190
MinimumVisualStudioVersion = 10.0.40219.1
Project("{FAE04EC0-301F-11D3-BF4B-00C04F79EFBC}") = "ThorHulkFight", "ThorHulkFight\ThorHulkFight.csproj", "{3874BC23-67D2-4109-8DB3-FEF37769E275}"
EndProject
Global
	GlobalSection(SolutionConfigurationPlatforms) = preSolution
		Debug|Any CPU = Debug|Any CPU
		Release|Any CPU = Release|Any CPU
	EndGlobalSection
	GlobalSection(ProjectConfigurationPlatforms) = postSolution
		{3874BC23-67D2-4109-8DB3-FEF37769E275}.Debug|Any CPU.ActiveCfg = Debug|Any CPU
		{3874BC23-67D2-4109-8DB3-FEF37769E275}.Debug|Any CPU.Build.0 = Debug|Any CPU
		{3874BC23-67D2-4109-8DB3-FEF37769E275}.Release|Any CPU.ActiveCfg = Release|Any CPU
		{3874BC23-67D2-4109-8DB3-FEF37769E275}.Release|Any CPU.Build.0 = Release|Any CPU
	EndGlobalSection
	GlobalSection(SolutionProperties) = preSolution
		HideSolutionNode = FALSE
	EndGlobalSection
	GlobalSection(ExtensibilityGlobals) = postSolution
		SolutionGuid = {130EEB75-5DF4-4400-9184-CA579C4BCA5D}
	EndGlobalSection
EndGlobal
