
Microsoft Visual Studio Solution File, Format Version 12.00
# Visual Studio Version 17
VisualStudioVersion = 17.4.33122.133
MinimumVisualStudioVersion = 10.0.40219.1
Project("{FAE04EC0-301F-11D3-BF4B-00C04F79EFBC}") = "FileStreamWriterReader", "FileStreamWriterReader.csproj", "{C1A955F3-6CDB-4B57-B067-C00489310CFE}"
EndProject
Global
	GlobalSection(SolutionConfigurationPlatforms) = preSolution
		Debug|Any CPU = Debug|Any CPU
		Release|Any CPU = Release|Any CPU
	EndGlobalSection
	GlobalSection(ProjectConfigurationPlatforms) = postSolution
		{C1A955F3-6CDB-4B57-B067-C00489310CFE}.Debug|Any CPU.ActiveCfg = Debug|Any CPU
		{C1A955F3-6CDB-4B57-B067-C00489310CFE}.Debug|Any CPU.Build.0 = Debug|Any CPU
		{C1A955F3-6CDB-4B57-B067-C00489310CFE}.Release|Any CPU.ActiveCfg = Release|Any CPU
		{C1A955F3-6CDB-4B57-B067-C00489310CFE}.Release|Any CPU.Build.0 = Release|Any CPU
	EndGlobalSection
	GlobalSection(SolutionProperties) = preSolution
		HideSolutionNode = FALSE
	EndGlobalSection
	GlobalSection(ExtensibilityGlobals) = postSolution
		SolutionGuid = {0CA1B3A4-2179-4795-A912-A29C867B5475}
	EndGlobalSection
EndGlobal
