
Microsoft Visual Studio Solution File, Format Version 12.00
# Visual Studio Version 17
VisualStudioVersion = 17.4.33110.190
MinimumVisualStudioVersion = 10.0.40219.1
Project("{FAE04EC0-301F-11D3-BF4B-00C04F79EFBC}") = "ThreadLockExample", "ThreadLockExample.csproj", "{BD6E6896-DD1E-480C-87E4-90CB466B8CD6}"
EndProject
Global
	GlobalSection(SolutionConfigurationPlatforms) = preSolution
		Debug|Any CPU = Debug|Any CPU
		Release|Any CPU = Release|Any CPU
	EndGlobalSection
	GlobalSection(ProjectConfigurationPlatforms) = postSolution
		{BD6E6896-DD1E-480C-87E4-90CB466B8CD6}.Debug|Any CPU.ActiveCfg = Debug|Any CPU
		{BD6E6896-DD1E-480C-87E4-90CB466B8CD6}.Debug|Any CPU.Build.0 = Debug|Any CPU
		{BD6E6896-DD1E-480C-87E4-90CB466B8CD6}.Release|Any CPU.ActiveCfg = Release|Any CPU
		{BD6E6896-DD1E-480C-87E4-90CB466B8CD6}.Release|Any CPU.Build.0 = Release|Any CPU
	EndGlobalSection
	GlobalSection(SolutionProperties) = preSolution
		HideSolutionNode = FALSE
	EndGlobalSection
	GlobalSection(ExtensibilityGlobals) = postSolution
		SolutionGuid = {E3D6D39F-DE13-453B-9885-5F31BE334488}
	EndGlobalSection
EndGlobal
