
Microsoft Visual Studio Solution File, Format Version 12.00
# Visual Studio Version 17
VisualStudioVersion = 17.4.33122.133
MinimumVisualStudioVersion = 10.0.40219.1
Project("{FAE04EC0-301F-11D3-BF4B-00C04F79EFBC}") = "WpfApp1", "WpfApp1.csproj", "{AF54445B-E6E2-481C-A924-C1EDD42D98CC}"
EndProject
Global
	GlobalSection(SolutionConfigurationPlatforms) = preSolution
		Debug|Any CPU = Debug|Any CPU
		Release|Any CPU = Release|Any CPU
	EndGlobalSection
	GlobalSection(ProjectConfigurationPlatforms) = postSolution
		{AF54445B-E6E2-481C-A924-C1EDD42D98CC}.Debug|Any CPU.ActiveCfg = Debug|Any CPU
		{AF54445B-E6E2-481C-A924-C1EDD42D98CC}.Debug|Any CPU.Build.0 = Debug|Any CPU
		{AF54445B-E6E2-481C-A924-C1EDD42D98CC}.Release|Any CPU.ActiveCfg = Release|Any CPU
		{AF54445B-E6E2-481C-A924-C1EDD42D98CC}.Release|Any CPU.Build.0 = Release|Any CPU
	EndGlobalSection
	GlobalSection(SolutionProperties) = preSolution
		HideSolutionNode = FALSE
	EndGlobalSection
	GlobalSection(ExtensibilityGlobals) = postSolution
		SolutionGuid = {1777B596-44DB-4380-85F5-3BA897B21CBF}
	EndGlobalSection
EndGlobal
